
Microsoft Visual Studio Solution File, Format Version 12.00
# Visual Studio Version 17
VisualStudioVersion = 17.0.31903.59
MinimumVisualStudioVersion = 10.0.40219.1
Project("{FAE04EC0-301F-11D3-BF4B-00C04F79EFBC}") = "ProjectEuler", "ProjectEuler\ProjectEuler.csproj", "{A0D1FDE8-85D9-46A5-B1E4-766F47122505}"
EndProject
Global
	GlobalSection(SolutionConfigurationPlatforms) = preSolution
		Debug|Any CPU = Debug|Any CPU
		Release|Any CPU = Release|Any CPU
	EndGlobalSection
	GlobalSection(ProjectConfigurationPlatforms) = postSolution
		{A0D1FDE8-85D9-46A5-B1E4-766F47122505}.Debug|Any CPU.ActiveCfg = Debug|Any CPU
		{A0D1FDE8-85D9-46A5-B1E4-766F47122505}.Debug|Any CPU.Build.0 = Debug|Any CPU
		{A0D1FDE8-85D9-46A5-B1E4-766F47122505}.Release|Any CPU.ActiveCfg = Release|Any CPU
		{A0D1FDE8-85D9-46A5-B1E4-766F47122505}.Release|Any CPU.Build.0 = Release|Any CPU
	EndGlobalSection
	GlobalSection(SolutionProperties) = preSolution
		HideSolutionNode = FALSE
	EndGlobalSection
	GlobalSection(ExtensibilityGlobals) = postSolution
		SolutionGuid = {FF427A19-6BB9-42F7-9122-15F178B3D646}
	EndGlobalSection
EndGlobal
